
Microsoft Visual Studio Solution File, Format Version 12.00
# Visual Studio 2013
VisualStudioVersion = 12.0.31101.0
MinimumVisualStudioVersion = 10.0.40219.1
Project("{FAE04EC0-301F-11D3-BF4B-00C04F79EFBC}") = "mlp_parallel_c_sharp", "mlp_parallel_c_sharp\mlp_parallel_c_sharp.csproj", "{1AA05ADA-5294-4CDB-8BDB-14D326866DF6}"
EndProject
Global
	GlobalSection(SolutionConfigurationPlatforms) = preSolution
		Debug|Any CPU = Debug|Any CPU
		Release|Any CPU = Release|Any CPU
	EndGlobalSection
	GlobalSection(ProjectConfigurationPlatforms) = postSolution
		{1AA05ADA-5294-4CDB-8BDB-14D326866DF6}.Debug|Any CPU.ActiveCfg = Debug|Any CPU
		{1AA05ADA-5294-4CDB-8BDB-14D326866DF6}.Debug|Any CPU.Build.0 = Debug|Any CPU
		{1AA05ADA-5294-4CDB-8BDB-14D326866DF6}.Release|Any CPU.ActiveCfg = Release|Any CPU
		{1AA05ADA-5294-4CDB-8BDB-14D326866DF6}.Release|Any CPU.Build.0 = Release|Any CPU
	EndGlobalSection
	GlobalSection(SolutionProperties) = preSolution
		HideSolutionNode = FALSE
	EndGlobalSection
EndGlobal
